
Microsoft Visual Studio Solution File, Format Version 12.00
# Visual Studio Version 16
VisualStudioVersion = 16.0.29418.71
MinimumVisualStudioVersion = 10.0.40219.1
Project("{FAE04EC0-301F-11D3-BF4B-00C04F79EFBC}") = "Intempio.Meetings.Home", "Intempio.Meetings.Home\Intempio.Meetings.Home.csproj", "{4C495C22-6F66-4C9E-847F-9F5A9976AA97}"
EndProject
Global
	GlobalSection(SolutionConfigurationPlatforms) = preSolution
		Debug|Any CPU = Debug|Any CPU
		Release|Any CPU = Release|Any CPU
	EndGlobalSection
	GlobalSection(ProjectConfigurationPlatforms) = postSolution
		{4C495C22-6F66-4C9E-847F-9F5A9976AA97}.Debug|Any CPU.ActiveCfg = Debug|Any CPU
		{4C495C22-6F66-4C9E-847F-9F5A9976AA97}.Debug|Any CPU.Build.0 = Debug|Any CPU
		{4C495C22-6F66-4C9E-847F-9F5A9976AA97}.Release|Any CPU.ActiveCfg = Release|Any CPU
		{4C495C22-6F66-4C9E-847F-9F5A9976AA97}.Release|Any CPU.Build.0 = Release|Any CPU
	EndGlobalSection
	GlobalSection(SolutionProperties) = preSolution
		HideSolutionNode = FALSE
	EndGlobalSection
	GlobalSection(ExtensibilityGlobals) = postSolution
		SolutionGuid = {AA7D9590-10A0-4E67-9F51-97CC455306D5}
	EndGlobalSection
EndGlobal
